
Microsoft Visual Studio Solution File, Format Version 12.00
# Visual Studio 15
VisualStudioVersion = 15.0.27703.2042
MinimumVisualStudioVersion = 10.0.40219.1
Project("{FAE04EC0-301F-11D3-BF4B-00C04F79EFBC}") = "EmpresaWRWeb", "EmpresaWRWeb\EmpresaWRWeb.csproj", "{51429A75-3FBD-455F-A39B-33F4BD5995B8}"
EndProject
Global
	GlobalSection(SolutionConfigurationPlatforms) = preSolution
		Debug|Any CPU = Debug|Any CPU
		Release|Any CPU = Release|Any CPU
	EndGlobalSection
	GlobalSection(ProjectConfigurationPlatforms) = postSolution
		{51429A75-3FBD-455F-A39B-33F4BD5995B8}.Debug|Any CPU.ActiveCfg = Debug|Any CPU
		{51429A75-3FBD-455F-A39B-33F4BD5995B8}.Debug|Any CPU.Build.0 = Debug|Any CPU
		{51429A75-3FBD-455F-A39B-33F4BD5995B8}.Release|Any CPU.ActiveCfg = Release|Any CPU
		{51429A75-3FBD-455F-A39B-33F4BD5995B8}.Release|Any CPU.Build.0 = Release|Any CPU
	EndGlobalSection
	GlobalSection(SolutionProperties) = preSolution
		HideSolutionNode = FALSE
	EndGlobalSection
	GlobalSection(ExtensibilityGlobals) = postSolution
		SolutionGuid = {2E6461B5-FDA6-48F7-B970-115A7B9A1CFC}
	EndGlobalSection
EndGlobal
